
Microsoft Visual Studio Solution File, Format Version 12.00
# Visual Studio Version 17
VisualStudioVersion = 17.0.32014.148
MinimumVisualStudioVersion = 10.0.40219.1
Project("{9A19103F-16F7-4668-BE54-9A1E7A4F7556}") = "SF.API", "SF.API\SF.API.csproj", "{0AE45C65-0685-4B85-B1FF-FC7B5008F063}"
EndProject
Project("{2150E333-8FDC-42A3-9474-1A3956D46DE8}") = "01.SF.WebApi", "01.SF.WebApi", "{67A03E1A-33D8-4D33-9EB5-C64726FD9F79}"
EndProject
Project("{2150E333-8FDC-42A3-9474-1A3956D46DE8}") = "02.SF.Manager", "02.SF.Manager", "{65B2A668-5999-4924-8C7B-D2910AC1C2BC}"
EndProject
Project("{2150E333-8FDC-42A3-9474-1A3956D46DE8}") = "03.SF.Data", "03.SF.Data", "{CB4A5B84-B519-4915-9287-0D6E5CD7A590}"
EndProject
Project("{2150E333-8FDC-42A3-9474-1A3956D46DE8}") = "04.SF.Core", "04.SF.Core", "{F4B098A9-827E-4627-BB93-3636BBF739AE}"
EndProject
Project("{2150E333-8FDC-42A3-9474-1A3956D46DE8}") = "05.SF.Tests", "05.SF.Tests", "{4AFD5D9B-883B-4700-AD11-6616F0AA532C}"
EndProject
Project("{9A19103F-16F7-4668-BE54-9A1E7A4F7556}") = "SF.Manager", "SF.Manager\SF.Manager.csproj", "{43A07564-604E-4316-B03E-E4A6DCE3FC06}"
EndProject
Project("{9A19103F-16F7-4668-BE54-9A1E7A4F7556}") = "SF.Data", "SF.Data\SF.Data.csproj", "{AE0A3CB1-3ED8-45EC-A7CC-7E2C33D79F22}"
EndProject
Project("{9A19103F-16F7-4668-BE54-9A1E7A4F7556}") = "SF.Core", "SF.Core\SF.Core.csproj", "{51DA3EFE-FBCE-4573-B104-2A80F5FC2A71}"
EndProject
Project("{FAE04EC0-301F-11D3-BF4B-00C04F79EFBC}") = "SF.WebApi.Tests", "SF.WebApi.Tests\SF.WebApi.Tests.csproj", "{C0B24BDB-2680-4A07-8A6D-5194EC730771}"
EndProject
Global
	GlobalSection(SolutionConfigurationPlatforms) = preSolution
		Debug|Any CPU = Debug|Any CPU
		Release|Any CPU = Release|Any CPU
	EndGlobalSection
	GlobalSection(ProjectConfigurationPlatforms) = postSolution
		{0AE45C65-0685-4B85-B1FF-FC7B5008F063}.Debug|Any CPU.ActiveCfg = Debug|Any CPU
		{0AE45C65-0685-4B85-B1FF-FC7B5008F063}.Debug|Any CPU.Build.0 = Debug|Any CPU
		{0AE45C65-0685-4B85-B1FF-FC7B5008F063}.Release|Any CPU.ActiveCfg = Release|Any CPU
		{0AE45C65-0685-4B85-B1FF-FC7B5008F063}.Release|Any CPU.Build.0 = Release|Any CPU
		{43A07564-604E-4316-B03E-E4A6DCE3FC06}.Debug|Any CPU.ActiveCfg = Debug|Any CPU
		{43A07564-604E-4316-B03E-E4A6DCE3FC06}.Debug|Any CPU.Build.0 = Debug|Any CPU
		{43A07564-604E-4316-B03E-E4A6DCE3FC06}.Release|Any CPU.ActiveCfg = Release|Any CPU
		{43A07564-604E-4316-B03E-E4A6DCE3FC06}.Release|Any CPU.Build.0 = Release|Any CPU
		{AE0A3CB1-3ED8-45EC-A7CC-7E2C33D79F22}.Debug|Any CPU.ActiveCfg = Debug|Any CPU
		{AE0A3CB1-3ED8-45EC-A7CC-7E2C33D79F22}.Debug|Any CPU.Build.0 = Debug|Any CPU
		{AE0A3CB1-3ED8-45EC-A7CC-7E2C33D79F22}.Release|Any CPU.ActiveCfg = Release|Any CPU
		{AE0A3CB1-3ED8-45EC-A7CC-7E2C33D79F22}.Release|Any CPU.Build.0 = Release|Any CPU
		{51DA3EFE-FBCE-4573-B104-2A80F5FC2A71}.Debug|Any CPU.ActiveCfg = Debug|Any CPU
		{51DA3EFE-FBCE-4573-B104-2A80F5FC2A71}.Debug|Any CPU.Build.0 = Debug|Any CPU
		{51DA3EFE-FBCE-4573-B104-2A80F5FC2A71}.Release|Any CPU.ActiveCfg = Release|Any CPU
		{51DA3EFE-FBCE-4573-B104-2A80F5FC2A71}.Release|Any CPU.Build.0 = Release|Any CPU
		{C0B24BDB-2680-4A07-8A6D-5194EC730771}.Debug|Any CPU.ActiveCfg = Debug|Any CPU
		{C0B24BDB-2680-4A07-8A6D-5194EC730771}.Debug|Any CPU.Build.0 = Debug|Any CPU
		{C0B24BDB-2680-4A07-8A6D-5194EC730771}.Release|Any CPU.ActiveCfg = Release|Any CPU
		{C0B24BDB-2680-4A07-8A6D-5194EC730771}.Release|Any CPU.Build.0 = Release|Any CPU
	EndGlobalSection
	GlobalSection(SolutionProperties) = preSolution
		HideSolutionNode = FALSE
	EndGlobalSection
	GlobalSection(NestedProjects) = preSolution
		{0AE45C65-0685-4B85-B1FF-FC7B5008F063} = {67A03E1A-33D8-4D33-9EB5-C64726FD9F79}
		{43A07564-604E-4316-B03E-E4A6DCE3FC06} = {65B2A668-5999-4924-8C7B-D2910AC1C2BC}
		{AE0A3CB1-3ED8-45EC-A7CC-7E2C33D79F22} = {CB4A5B84-B519-4915-9287-0D6E5CD7A590}
		{51DA3EFE-FBCE-4573-B104-2A80F5FC2A71} = {F4B098A9-827E-4627-BB93-3636BBF739AE}
		{C0B24BDB-2680-4A07-8A6D-5194EC730771} = {4AFD5D9B-883B-4700-AD11-6616F0AA532C}
	EndGlobalSection
	GlobalSection(ExtensibilityGlobals) = postSolution
		SolutionGuid = {5AA7517E-CAE3-4E09-B18B-773E53214D22}
	EndGlobalSection
EndGlobal
